
Microsoft Visual Studio Solution File, Format Version 12.00
# Visual Studio Version 16
VisualStudioVersion = 16.0.30717.126
MinimumVisualStudioVersion = 10.0.40219.1
Project("{FAE04EC0-301F-11D3-BF4B-00C04F79EFBC}") = "QuadraticEqnRootsCal", "QuadraticEqnRootsCal.csproj", "{AD950387-92D0-4AD4-8651-ED79AB20962F}"
EndProject
Project("{FAE04EC0-301F-11D3-BF4B-00C04F79EFBC}") = "QuadraticEqnRootsCal.UnitTest", "..\QuadraticEqnRootsCal.UnitTest\QuadraticEqnRootsCal.UnitTest.csproj", "{64545F63-9740-4710-8EA6-DC103604891B}"
EndProject
Global
	GlobalSection(SolutionConfigurationPlatforms) = preSolution
		Debug|Any CPU = Debug|Any CPU
		Release|Any CPU = Release|Any CPU
	EndGlobalSection
	GlobalSection(ProjectConfigurationPlatforms) = postSolution
		{AD950387-92D0-4AD4-8651-ED79AB20962F}.Debug|Any CPU.ActiveCfg = Debug|Any CPU
		{AD950387-92D0-4AD4-8651-ED79AB20962F}.Debug|Any CPU.Build.0 = Debug|Any CPU
		{AD950387-92D0-4AD4-8651-ED79AB20962F}.Release|Any CPU.ActiveCfg = Release|Any CPU
		{AD950387-92D0-4AD4-8651-ED79AB20962F}.Release|Any CPU.Build.0 = Release|Any CPU
		{64545F63-9740-4710-8EA6-DC103604891B}.Debug|Any CPU.ActiveCfg = Debug|Any CPU
		{64545F63-9740-4710-8EA6-DC103604891B}.Debug|Any CPU.Build.0 = Debug|Any CPU
		{64545F63-9740-4710-8EA6-DC103604891B}.Release|Any CPU.ActiveCfg = Release|Any CPU
		{64545F63-9740-4710-8EA6-DC103604891B}.Release|Any CPU.Build.0 = Release|Any CPU
	EndGlobalSection
	GlobalSection(SolutionProperties) = preSolution
		HideSolutionNode = FALSE
	EndGlobalSection
	GlobalSection(ExtensibilityGlobals) = postSolution
		SolutionGuid = {35DB7FFE-AFFC-488A-BABA-C04D4E7512B2}
	EndGlobalSection
EndGlobal
